// !$*UTF8*$!
{
	archiveVersion = 1;
	classes = {
	};
	objectVersion = 56;
	objects = {

/* Begin PBXBuildFile section */
		AC2A80A12B56FF8E00F5C9D8 /* AddPhotoView.swift in Sources */ = {isa = PBXBuildFile; fileRef = AC2A80A02B56FF8E00F5C9D8 /* AddPhotoView.swift */; };
		AC2D67BF2B51A699005997F2 /* UIStackView + Extension.swift in Sources */ = {isa = PBXBuildFile; fileRef = AC2D67BE2B51A699005997F2 /* UIStackView + Extension.swift */; };
		AC2D67C12B51CFE5005997F2 /* SignUpViewController.swift in Sources */ = {isa = PBXBuildFile; fileRef = AC2D67C02B51CFE5005997F2 /* SignUpViewController.swift */; };
		AC2D67C32B51D775005997F2 /* OneLineTextField.swift in Sources */ = {isa = PBXBuildFile; fileRef = AC2D67C22B51D775005997F2 /* OneLineTextField.swift */; };
		AC683BDD2B5849820085B138 /* SegmentedControl + Extension.swift in Sources */ = {isa = PBXBuildFile; fileRef = AC683BDC2B5849820085B138 /* SegmentedControl + Extension.swift */; };
		AC6E98B82B4DBEE8007DE035 /* UIButton + Extension.swift in Sources */ = {isa = PBXBuildFile; fileRef = AC6E98B72B4DBEE8007DE035 /* UIButton + Extension.swift */; };
		AC6E98BA2B4DC32C007DE035 /* UIFont + Extension.swift in Sources */ = {isa = PBXBuildFile; fileRef = AC6E98B92B4DC32C007DE035 /* UIFont + Extension.swift */; };
		AC6E98BC2B4DC473007DE035 /* UIColor + Extension.swift in Sources */ = {isa = PBXBuildFile; fileRef = AC6E98BB2B4DC473007DE035 /* UIColor + Extension.swift */; };
		AC6E98BE2B4DC98B007DE035 /* UILabel + Extension.swift in Sources */ = {isa = PBXBuildFile; fileRef = AC6E98BD2B4DC98B007DE035 /* UILabel + Extension.swift */; };
		AC6E98C02B4DCBE9007DE035 /* UIImageView + Extension.swift in Sources */ = {isa = PBXBuildFile; fileRef = AC6E98BF2B4DCBE9007DE035 /* UIImageView + Extension.swift */; };
		AC6FDC1C2B5982C800DCC8DA /* MainTabBarController.swift in Sources */ = {isa = PBXBuildFile; fileRef = AC6FDC1B2B5982C800DCC8DA /* MainTabBarController.swift */; };
		AC6FDC1E2B59835300DCC8DA /* ListViewController.swift in Sources */ = {isa = PBXBuildFile; fileRef = AC6FDC1D2B59835300DCC8DA /* ListViewController.swift */; };
		AC6FDC212B59844200DCC8DA /* PeopleViewController.swift in Sources */ = {isa = PBXBuildFile; fileRef = AC6FDC202B59844200DCC8DA /* PeopleViewController.swift */; };
		AC77DE842B617252003DC0B4 /* waitingChats.json in Resources */ = {isa = PBXBuildFile; fileRef = AC77DE822B617252003DC0B4 /* waitingChats.json */; };
		AC77DE852B617252003DC0B4 /* activeChats.json in Resources */ = {isa = PBXBuildFile; fileRef = AC77DE832B617252003DC0B4 /* activeChats.json */; };
		AC77DE872B617273003DC0B4 /* Bundle-Decodable.swift in Sources */ = {isa = PBXBuildFile; fileRef = AC77DE862B617273003DC0B4 /* Bundle-Decodable.swift */; };
		AC96640B2B4C715B00162585 /* AppDelegate.swift in Sources */ = {isa = PBXBuildFile; fileRef = AC96640A2B4C715B00162585 /* AppDelegate.swift */; };
		AC96640D2B4C715B00162585 /* SceneDelegate.swift in Sources */ = {isa = PBXBuildFile; fileRef = AC96640C2B4C715B00162585 /* SceneDelegate.swift */; };
		AC96640F2B4C715B00162585 /* AuthViewController.swift in Sources */ = {isa = PBXBuildFile; fileRef = AC96640E2B4C715B00162585 /* AuthViewController.swift */; };
		AC9664142B4C715D00162585 /* Assets.xcassets in Resources */ = {isa = PBXBuildFile; fileRef = AC9664132B4C715D00162585 /* Assets.xcassets */; };
		AC9664172B4C715D00162585 /* LaunchScreen.storyboard in Resources */ = {isa = PBXBuildFile; fileRef = AC9664152B4C715D00162585 /* LaunchScreen.storyboard */; };
		AC98603D2B55934300E7CABD /* SetupProfileViewController.swift in Sources */ = {isa = PBXBuildFile; fileRef = AC98603C2B55934300E7CABD /* SetupProfileViewController.swift */; };
		ACB2AE2A2B519B87006D3D93 /* ButtonFormView.swift in Sources */ = {isa = PBXBuildFile; fileRef = ACB2AE292B519B87006D3D93 /* ButtonFormView.swift */; };
		ACC97FA22B651E320068D370 /* ActiveChatCell.swift in Sources */ = {isa = PBXBuildFile; fileRef = ACC97FA12B651E320068D370 /* ActiveChatCell.swift */; };
		ACC97FA42B65502D0068D370 /* GradientView.swift in Sources */ = {isa = PBXBuildFile; fileRef = ACC97FA32B65502D0068D370 /* GradientView.swift */; };
		ACC97FA62B65589E0068D370 /* WaitingChatCell.swift in Sources */ = {isa = PBXBuildFile; fileRef = ACC97FA52B65589E0068D370 /* WaitingChatCell.swift */; };
		ACC97FA92B655A530068D370 /* SelfConfiguringCell.swift in Sources */ = {isa = PBXBuildFile; fileRef = ACC97FA82B655A530068D370 /* SelfConfiguringCell.swift */; };
		ACC97FAB2B65627E0068D370 /* SectionHeader.swift in Sources */ = {isa = PBXBuildFile; fileRef = ACC97FAA2B65627E0068D370 /* SectionHeader.swift */; };
		ACC97FAD2B6679170068D370 /* users.json in Resources */ = {isa = PBXBuildFile; fileRef = ACC97FAC2B6679170068D370 /* users.json */; };
		ACC97FB12B6698C60068D370 /* HChat.swift in Sources */ = {isa = PBXBuildFile; fileRef = ACC97FB02B6698C60068D370 /* HChat.swift */; };
		ACC97FB32B6699100068D370 /* HUser.swift in Sources */ = {isa = PBXBuildFile; fileRef = ACC97FB22B6699100068D370 /* HUser.swift */; };
		ACC97FB52B66B9600068D370 /* UIViewController + Extension.swift in Sources */ = {isa = PBXBuildFile; fileRef = ACC97FB42B66B9600068D370 /* UIViewController + Extension.swift */; };
		ACC97FB72B66BD5F0068D370 /* UserCell.swift in Sources */ = {isa = PBXBuildFile; fileRef = ACC97FB62B66BD5F0068D370 /* UserCell.swift */; };
		ACF34C7C2B5584E0004612E0 /* LoginViewController.swift in Sources */ = {isa = PBXBuildFile; fileRef = ACF34C7B2B5584E0004612E0 /* LoginViewController.swift */; };
/* End PBXBuildFile section */

/* Begin PBXFileReference section */
		AC2A80A02B56FF8E00F5C9D8 /* AddPhotoView.swift */ = {isa = PBXFileReference; lastKnownFileType = sourcecode.swift; path = AddPhotoView.swift; sourceTree = "<group>"; };
		AC2D67BE2B51A699005997F2 /* UIStackView + Extension.swift */ = {isa = PBXFileReference; lastKnownFileType = sourcecode.swift; path = "UIStackView + Extension.swift"; sourceTree = "<group>"; };
		AC2D67C02B51CFE5005997F2 /* SignUpViewController.swift */ = {isa = PBXFileReference; lastKnownFileType = sourcecode.swift; path = SignUpViewController.swift; sourceTree = "<group>"; };
		AC2D67C22B51D775005997F2 /* OneLineTextField.swift */ = {isa = PBXFileReference; lastKnownFileType = sourcecode.swift; path = OneLineTextField.swift; sourceTree = "<group>"; };
		AC683BDC2B5849820085B138 /* SegmentedControl + Extension.swift */ = {isa = PBXFileReference; lastKnownFileType = sourcecode.swift; path = "SegmentedControl + Extension.swift"; sourceTree = "<group>"; };
		AC6E98B72B4DBEE8007DE035 /* UIButton + Extension.swift */ = {isa = PBXFileReference; lastKnownFileType = sourcecode.swift; path = "UIButton + Extension.swift"; sourceTree = "<group>"; };
		AC6E98B92B4DC32C007DE035 /* UIFont + Extension.swift */ = {isa = PBXFileReference; lastKnownFileType = sourcecode.swift; path = "UIFont + Extension.swift"; sourceTree = "<group>"; };
		AC6E98BB2B4DC473007DE035 /* UIColor + Extension.swift */ = {isa = PBXFileReference; lastKnownFileType = sourcecode.swift; path = "UIColor + Extension.swift"; sourceTree = "<group>"; };
		AC6E98BD2B4DC98B007DE035 /* UILabel + Extension.swift */ = {isa = PBXFileReference; lastKnownFileType = sourcecode.swift; path = "UILabel + Extension.swift"; sourceTree = "<group>"; };
		AC6E98BF2B4DCBE9007DE035 /* UIImageView + Extension.swift */ = {isa = PBXFileReference; lastKnownFileType = sourcecode.swift; path = "UIImageView + Extension.swift"; sourceTree = "<group>"; };
		AC6FDC1B2B5982C800DCC8DA /* MainTabBarController.swift */ = {isa = PBXFileReference; lastKnownFileType = sourcecode.swift; path = MainTabBarController.swift; sourceTree = "<group>"; };
		AC6FDC1D2B59835300DCC8DA /* ListViewController.swift */ = {isa = PBXFileReference; lastKnownFileType = sourcecode.swift; path = ListViewController.swift; sourceTree = "<group>"; };
		AC6FDC202B59844200DCC8DA /* PeopleViewController.swift */ = {isa = PBXFileReference; lastKnownFileType = sourcecode.swift; path = PeopleViewController.swift; sourceTree = "<group>"; };
		AC77DE822B617252003DC0B4 /* waitingChats.json */ = {isa = PBXFileReference; fileEncoding = 4; lastKnownFileType = text.json; path = waitingChats.json; sourceTree = "<group>"; };
		AC77DE832B617252003DC0B4 /* activeChats.json */ = {isa = PBXFileReference; fileEncoding = 4; lastKnownFileType = text.json; path = activeChats.json; sourceTree = "<group>"; };
		AC77DE862B617273003DC0B4 /* Bundle-Decodable.swift */ = {isa = PBXFileReference; fileEncoding = 4; lastKnownFileType = sourcecode.swift; path = "Bundle-Decodable.swift"; sourceTree = "<group>"; };
		AC9664072B4C715B00162585 /* HiChat.app */ = {isa = PBXFileReference; explicitFileType = wrapper.application; includeInIndex = 0; path = HiChat.app; sourceTree = BUILT_PRODUCTS_DIR; };
		AC96640A2B4C715B00162585 /* AppDelegate.swift */ = {isa = PBXFileReference; lastKnownFileType = sourcecode.swift; path = AppDelegate.swift; sourceTree = "<group>"; };
		AC96640C2B4C715B00162585 /* SceneDelegate.swift */ = {isa = PBXFileReference; lastKnownFileType = sourcecode.swift; path = SceneDelegate.swift; sourceTree = "<group>"; };
		AC96640E2B4C715B00162585 /* AuthViewController.swift */ = {isa = PBXFileReference; lastKnownFileType = sourcecode.swift; path = AuthViewController.swift; sourceTree = "<group>"; };
		AC9664132B4C715D00162585 /* Assets.xcassets */ = {isa = PBXFileReference; lastKnownFileType = folder.assetcatalog; path = Assets.xcassets; sourceTree = "<group>"; };
		AC9664162B4C715D00162585 /* Base */ = {isa = PBXFileReference; lastKnownFileType = file.storyboard; name = Base; path = Base.lproj/LaunchScreen.storyboard; sourceTree = "<group>"; };
		AC9664182B4C715D00162585 /* Info.plist */ = {isa = PBXFileReference; lastKnownFileType = text.plist.xml; path = Info.plist; sourceTree = "<group>"; };
		AC98603C2B55934300E7CABD /* SetupProfileViewController.swift */ = {isa = PBXFileReference; lastKnownFileType = sourcecode.swift; path = SetupProfileViewController.swift; sourceTree = "<group>"; };
		ACB2AE292B519B87006D3D93 /* ButtonFormView.swift */ = {isa = PBXFileReference; lastKnownFileType = sourcecode.swift; path = ButtonFormView.swift; sourceTree = "<group>"; };
		ACC97FA12B651E320068D370 /* ActiveChatCell.swift */ = {isa = PBXFileReference; lastKnownFileType = sourcecode.swift; path = ActiveChatCell.swift; sourceTree = "<group>"; };
		ACC97FA32B65502D0068D370 /* GradientView.swift */ = {isa = PBXFileReference; lastKnownFileType = sourcecode.swift; path = GradientView.swift; sourceTree = "<group>"; };
		ACC97FA52B65589E0068D370 /* WaitingChatCell.swift */ = {isa = PBXFileReference; lastKnownFileType = sourcecode.swift; path = WaitingChatCell.swift; sourceTree = "<group>"; };
		ACC97FA82B655A530068D370 /* SelfConfiguringCell.swift */ = {isa = PBXFileReference; lastKnownFileType = sourcecode.swift; path = SelfConfiguringCell.swift; sourceTree = "<group>"; };
		ACC97FAA2B65627E0068D370 /* SectionHeader.swift */ = {isa = PBXFileReference; lastKnownFileType = sourcecode.swift; path = SectionHeader.swift; sourceTree = "<group>"; };
		ACC97FAC2B6679170068D370 /* users.json */ = {isa = PBXFileReference; fileEncoding = 4; lastKnownFileType = text.json; path = users.json; sourceTree = "<group>"; };
		ACC97FB02B6698C60068D370 /* HChat.swift */ = {isa = PBXFileReference; lastKnownFileType = sourcecode.swift; path = HChat.swift; sourceTree = "<group>"; };
		ACC97FB22B6699100068D370 /* HUser.swift */ = {isa = PBXFileReference; lastKnownFileType = sourcecode.swift; path = HUser.swift; sourceTree = "<group>"; };
		ACC97FB42B66B9600068D370 /* UIViewController + Extension.swift */ = {isa = PBXFileReference; lastKnownFileType = sourcecode.swift; path = "UIViewController + Extension.swift"; sourceTree = "<group>"; };
		ACC97FB62B66BD5F0068D370 /* UserCell.swift */ = {isa = PBXFileReference; lastKnownFileType = sourcecode.swift; path = UserCell.swift; sourceTree = "<group>"; };
		ACF34C7B2B5584E0004612E0 /* LoginViewController.swift */ = {isa = PBXFileReference; lastKnownFileType = sourcecode.swift; path = LoginViewController.swift; sourceTree = "<group>"; };
/* End PBXFileReference section */

/* Begin PBXFrameworksBuildPhase section */
		AC9664042B4C715B00162585 /* Frameworks */ = {
			isa = PBXFrameworksBuildPhase;
			buildActionMask = 2147483647;
			files = (
			);
			runOnlyForDeploymentPostprocessing = 0;
		};
/* End PBXFrameworksBuildPhase section */

/* Begin PBXGroup section */
		AC683BDE2B5857160085B138 /* SignIn&AuthVC */ = {
			isa = PBXGroup;
			children = (
				AC96640E2B4C715B00162585 /* AuthViewController.swift */,
				AC2D67C02B51CFE5005997F2 /* SignUpViewController.swift */,
				ACF34C7B2B5584E0004612E0 /* LoginViewController.swift */,
				AC98603C2B55934300E7CABD /* SetupProfileViewController.swift */,
			);
			path = "SignIn&AuthVC";
			sourceTree = "<group>";
		};
		AC6FDC1F2B59840000DCC8DA /* Controllers */ = {
			isa = PBXGroup;
			children = (
				AC6FDC1B2B5982C800DCC8DA /* MainTabBarController.swift */,
				AC6FDC1D2B59835300DCC8DA /* ListViewController.swift */,
				AC6FDC202B59844200DCC8DA /* PeopleViewController.swift */,
				ACC97FA02B651E0C0068D370 /* Cell */,
				ACC97FAE2B6696D60068D370 /* Headers */,
			);
			path = Controllers;
			sourceTree = "<group>";
		};
		AC9663FE2B4C715B00162585 = {
			isa = PBXGroup;
			children = (
				AC9664092B4C715B00162585 /* HiChat */,
				AC9664082B4C715B00162585 /* Products */,
			);
			sourceTree = "<group>";
		};
		AC9664082B4C715B00162585 /* Products */ = {
			isa = PBXGroup;
			children = (
				AC9664072B4C715B00162585 /* HiChat.app */,
			);
			name = Products;
			sourceTree = "<group>";
		};
		AC9664092B4C715B00162585 /* HiChat */ = {
			isa = PBXGroup;
			children = (
				AC96640A2B4C715B00162585 /* AppDelegate.swift */,
				AC96640C2B4C715B00162585 /* SceneDelegate.swift */,
				ACC97FAF2B6698B00068D370 /* Models */,
				AC6FDC1F2B59840000DCC8DA /* Controllers */,
				AC683BDE2B5857160085B138 /* SignIn&AuthVC */,
				ACC97FA72B655A220068D370 /* Protocols */,
				ACB2AE282B50556B006D3D93 /* Extensions */,
				AC77DE832B617252003DC0B4 /* activeChats.json */,
				AC77DE822B617252003DC0B4 /* waitingChats.json */,
				ACC97FAC2B6679170068D370 /* users.json */,
				AC9664132B4C715D00162585 /* Assets.xcassets */,
				AC9664152B4C715D00162585 /* LaunchScreen.storyboard */,
				AC9664182B4C715D00162585 /* Info.plist */,
			);
			path = HiChat;
			sourceTree = "<group>";
		};
		ACB2AE272B50555F006D3D93 /* UIKit */ = {
			isa = PBXGroup;
			children = (
				AC6E98B72B4DBEE8007DE035 /* UIButton + Extension.swift */,
				AC6E98BD2B4DC98B007DE035 /* UILabel + Extension.swift */,
				AC6E98BF2B4DCBE9007DE035 /* UIImageView + Extension.swift */,
				AC6E98B92B4DC32C007DE035 /* UIFont + Extension.swift */,
				AC6E98BB2B4DC473007DE035 /* UIColor + Extension.swift */,
				AC2D67BE2B51A699005997F2 /* UIStackView + Extension.swift */,
				AC683BDC2B5849820085B138 /* SegmentedControl + Extension.swift */,
				ACC97FB42B66B9600068D370 /* UIViewController + Extension.swift */,
			);
			path = UIKit;
			sourceTree = "<group>";
		};
		ACB2AE282B50556B006D3D93 /* Extensions */ = {
			isa = PBXGroup;
			children = (
				ACB2AE292B519B87006D3D93 /* ButtonFormView.swift */,
				AC2D67C22B51D775005997F2 /* OneLineTextField.swift */,
				AC2A80A02B56FF8E00F5C9D8 /* AddPhotoView.swift */,
				AC77DE862B617273003DC0B4 /* Bundle-Decodable.swift */,
				ACC97FA32B65502D0068D370 /* GradientView.swift */,
				ACB2AE272B50555F006D3D93 /* UIKit */,
			);
			path = Extensions;
			sourceTree = "<group>";
		};
		ACC97FA02B651E0C0068D370 /* Cell */ = {
			isa = PBXGroup;
			children = (
				ACC97FA12B651E320068D370 /* ActiveChatCell.swift */,
				ACC97FA52B65589E0068D370 /* WaitingChatCell.swift */,
				ACC97FB62B66BD5F0068D370 /* UserCell.swift */,
			);
			path = Cell;
			sourceTree = "<group>";
		};
		ACC97FA72B655A220068D370 /* Protocols */ = {
			isa = PBXGroup;
			children = (
				ACC97FA82B655A530068D370 /* SelfConfiguringCell.swift */,
			);
			path = Protocols;
			sourceTree = "<group>";
		};
		ACC97FAE2B6696D60068D370 /* Headers */ = {
			isa = PBXGroup;
			children = (
				ACC97FAA2B65627E0068D370 /* SectionHeader.swift */,
			);
			path = Headers;
			sourceTree = "<group>";
		};
		ACC97FAF2B6698B00068D370 /* Models */ = {
			isa = PBXGroup;
			children = (
				ACC97FB02B6698C60068D370 /* HChat.swift */,
				ACC97FB22B6699100068D370 /* HUser.swift */,
			);
			path = Models;
			sourceTree = "<group>";
		};
/* End PBXGroup section */

/* Begin PBXNativeTarget section */
		AC9664062B4C715B00162585 /* HiChat */ = {
			isa = PBXNativeTarget;
			buildConfigurationList = AC96641B2B4C715D00162585 /* Build configuration list for PBXNativeTarget "HiChat" */;
			buildPhases = (
				AC9664032B4C715B00162585 /* Sources */,
				AC9664042B4C715B00162585 /* Frameworks */,
				AC9664052B4C715B00162585 /* Resources */,
			);
			buildRules = (
			);
			dependencies = (
			);
			name = HiChat;
			productName = HiChat;
			productReference = AC9664072B4C715B00162585 /* HiChat.app */;
			productType = "com.apple.product-type.application";
		};
/* End PBXNativeTarget section */

/* Begin PBXProject section */
		AC9663FF2B4C715B00162585 /* Project object */ = {
			isa = PBXProject;
			attributes = {
				BuildIndependentTargetsInParallel = 1;
				LastSwiftUpdateCheck = 1510;
				LastUpgradeCheck = 1510;
				TargetAttributes = {
					AC9664062B4C715B00162585 = {
						CreatedOnToolsVersion = 15.1;
					};
				};
			};
			buildConfigurationList = AC9664022B4C715B00162585 /* Build configuration list for PBXProject "HiChat" */;
			compatibilityVersion = "Xcode 14.0";
			developmentRegion = en;
			hasScannedForEncodings = 0;
			knownRegions = (
				en,
				Base,
			);
			mainGroup = AC9663FE2B4C715B00162585;
			productRefGroup = AC9664082B4C715B00162585 /* Products */;
			projectDirPath = "";
			projectRoot = "";
			targets = (
				AC9664062B4C715B00162585 /* HiChat */,
			);
		};
/* End PBXProject section */

/* Begin PBXResourcesBuildPhase section */
		AC9664052B4C715B00162585 /* Resources */ = {
			isa = PBXResourcesBuildPhase;
			buildActionMask = 2147483647;
			files = (
				ACC97FAD2B6679170068D370 /* users.json in Resources */,
				AC77DE842B617252003DC0B4 /* waitingChats.json in Resources */,
				AC9664172B4C715D00162585 /* LaunchScreen.storyboard in Resources */,
				AC9664142B4C715D00162585 /* Assets.xcassets in Resources */,
				AC77DE852B617252003DC0B4 /* activeChats.json in Resources */,
			);
			runOnlyForDeploymentPostprocessing = 0;
		};
/* End PBXResourcesBuildPhase section */

/* Begin PBXSourcesBuildPhase section */
		AC9664032B4C715B00162585 /* Sources */ = {
			isa = PBXSourcesBuildPhase;
			buildActionMask = 2147483647;
			files = (
				AC2D67C32B51D775005997F2 /* OneLineTextField.swift in Sources */,
				AC2D67C12B51CFE5005997F2 /* SignUpViewController.swift in Sources */,
				ACC97FAB2B65627E0068D370 /* SectionHeader.swift in Sources */,
				ACC97FA42B65502D0068D370 /* GradientView.swift in Sources */,
				AC6E98BA2B4DC32C007DE035 /* UIFont + Extension.swift in Sources */,
				AC96640F2B4C715B00162585 /* AuthViewController.swift in Sources */,
				ACC97FA22B651E320068D370 /* ActiveChatCell.swift in Sources */,
				AC98603D2B55934300E7CABD /* SetupProfileViewController.swift in Sources */,
				AC6FDC212B59844200DCC8DA /* PeopleViewController.swift in Sources */,
				AC96640B2B4C715B00162585 /* AppDelegate.swift in Sources */,
				ACC97FB52B66B9600068D370 /* UIViewController + Extension.swift in Sources */,
				AC77DE872B617273003DC0B4 /* Bundle-Decodable.swift in Sources */,
				AC2D67BF2B51A699005997F2 /* UIStackView + Extension.swift in Sources */,
				ACC97FB12B6698C60068D370 /* HChat.swift in Sources */,
				AC2A80A12B56FF8E00F5C9D8 /* AddPhotoView.swift in Sources */,
				AC6E98BE2B4DC98B007DE035 /* UILabel + Extension.swift in Sources */,
				ACC97FB72B66BD5F0068D370 /* UserCell.swift in Sources */,
				ACB2AE2A2B519B87006D3D93 /* ButtonFormView.swift in Sources */,
				AC683BDD2B5849820085B138 /* SegmentedControl + Extension.swift in Sources */,
				AC6E98C02B4DCBE9007DE035 /* UIImageView + Extension.swift in Sources */,
				AC6E98BC2B4DC473007DE035 /* UIColor + Extension.swift in Sources */,
				ACC97FA92B655A530068D370 /* SelfConfiguringCell.swift in Sources */,
				ACC97FA62B65589E0068D370 /* WaitingChatCell.swift in Sources */,
				AC96640D2B4C715B00162585 /* SceneDelegate.swift in Sources */,
				AC6FDC1E2B59835300DCC8DA /* ListViewController.swift in Sources */,
				ACF34C7C2B5584E0004612E0 /* LoginViewController.swift in Sources */,
				AC6E98B82B4DBEE8007DE035 /* UIButton + Extension.swift in Sources */,
				ACC97FB32B6699100068D370 /* HUser.swift in Sources */,
				AC6FDC1C2B5982C800DCC8DA /* MainTabBarController.swift in Sources */,
			);
			runOnlyForDeploymentPostprocessing = 0;
		};
/* End PBXSourcesBuildPhase section */

/* Begin PBXVariantGroup section */
		AC9664152B4C715D00162585 /* LaunchScreen.storyboard */ = {
			isa = PBXVariantGroup;
			children = (
				AC9664162B4C715D00162585 /* Base */,
			);
			name = LaunchScreen.storyboard;
			sourceTree = "<group>";
		};
/* End PBXVariantGroup section */

/* Begin XCBuildConfiguration section */
		AC9664192B4C715D00162585 /* Debug */ = {
			isa = XCBuildConfiguration;
			buildSettings = {
				ALWAYS_SEARCH_USER_PATHS = NO;
				ASSETCATALOG_COMPILER_GENERATE_SWIFT_ASSET_SYMBOL_EXTENSIONS = YES;
				CLANG_ANALYZER_NONNULL = YES;
				CLANG_ANALYZER_NUMBER_OBJECT_CONVERSION = YES_AGGRESSIVE;
				CLANG_CXX_LANGUAGE_STANDARD = "gnu++20";
				CLANG_ENABLE_MODULES = YES;
				CLANG_ENABLE_OBJC_ARC = YES;
				CLANG_ENABLE_OBJC_WEAK = YES;
				CLANG_WARN_BLOCK_CAPTURE_AUTORELEASING = YES;
				CLANG_WARN_BOOL_CONVERSION = YES;
				CLANG_WARN_COMMA = YES;
				CLANG_WARN_CONSTANT_CONVERSION = YES;
				CLANG_WARN_DEPRECATED_OBJC_IMPLEMENTATIONS = YES;
				CLANG_WARN_DIRECT_OBJC_ISA_USAGE = YES_ERROR;
				CLANG_WARN_DOCUMENTATION_COMMENTS = YES;
				CLANG_WARN_EMPTY_BODY = YES;
				CLANG_WARN_ENUM_CONVERSION = YES;
				CLANG_WARN_INFINITE_RECURSION = YES;
				CLANG_WARN_INT_CONVERSION = YES;
				CLANG_WARN_NON_LITERAL_NULL_CONVERSION = YES;
				CLANG_WARN_OBJC_IMPLICIT_RETAIN_SELF = YES;
				CLANG_WARN_OBJC_LITERAL_CONVERSION = YES;
				CLANG_WARN_OBJC_ROOT_CLASS = YES_ERROR;
				CLANG_WARN_QUOTED_INCLUDE_IN_FRAMEWORK_HEADER = YES;
				CLANG_WARN_RANGE_LOOP_ANALYSIS = YES;
				CLANG_WARN_STRICT_PROTOTYPES = YES;
				CLANG_WARN_SUSPICIOUS_MOVE = YES;
				CLANG_WARN_UNGUARDED_AVAILABILITY = YES_AGGRESSIVE;
				CLANG_WARN_UNREACHABLE_CODE = YES;
				CLANG_WARN__DUPLICATE_METHOD_MATCH = YES;
				COPY_PHASE_STRIP = NO;
				DEBUG_INFORMATION_FORMAT = dwarf;
				ENABLE_STRICT_OBJC_MSGSEND = YES;
				ENABLE_TESTABILITY = YES;
				ENABLE_USER_SCRIPT_SANDBOXING = YES;
				GCC_C_LANGUAGE_STANDARD = gnu17;
				GCC_DYNAMIC_NO_PIC = NO;
				GCC_NO_COMMON_BLOCKS = YES;
				GCC_OPTIMIZATION_LEVEL = 0;
				GCC_PREPROCESSOR_DEFINITIONS = (
					"DEBUG=1",
					"$(inherited)",
				);
				GCC_WARN_64_TO_32_BIT_CONVERSION = YES;
				GCC_WARN_ABOUT_RETURN_TYPE = YES_ERROR;
				GCC_WARN_UNDECLARED_SELECTOR = YES;
				GCC_WARN_UNINITIALIZED_AUTOS = YES_AGGRESSIVE;
				GCC_WARN_UNUSED_FUNCTION = YES;
				GCC_WARN_UNUSED_VARIABLE = YES;
				IPHONEOS_DEPLOYMENT_TARGET = 17.2;
				LOCALIZATION_PREFERS_STRING_CATALOGS = YES;
				MTL_ENABLE_DEBUG_INFO = INCLUDE_SOURCE;
				MTL_FAST_MATH = YES;
				ONLY_ACTIVE_ARCH = YES;
				SDKROOT = iphoneos;
				SWIFT_ACTIVE_COMPILATION_CONDITIONS = "DEBUG $(inherited)";
				SWIFT_OPTIMIZATION_LEVEL = "-Onone";
			};
			name = Debug;
		};
		AC96641A2B4C715D00162585 /* Release */ = {
			isa = XCBuildConfiguration;
			buildSettings = {
				ALWAYS_SEARCH_USER_PATHS = NO;
				ASSETCATALOG_COMPILER_GENERATE_SWIFT_ASSET_SYMBOL_EXTENSIONS = YES;
				CLANG_ANALYZER_NONNULL = YES;
				CLANG_ANALYZER_NUMBER_OBJECT_CONVERSION = YES_AGGRESSIVE;
				CLANG_CXX_LANGUAGE_STANDARD = "gnu++20";
				CLANG_ENABLE_MODULES = YES;
				CLANG_ENABLE_OBJC_ARC = YES;
				CLANG_ENABLE_OBJC_WEAK = YES;
				CLANG_WARN_BLOCK_CAPTURE_AUTORELEASING = YES;
				CLANG_WARN_BOOL_CONVERSION = YES;
				CLANG_WARN_COMMA = YES;
				CLANG_WARN_CONSTANT_CONVERSION = YES;
				CLANG_WARN_DEPRECATED_OBJC_IMPLEMENTATIONS = YES;
				CLANG_WARN_DIRECT_OBJC_ISA_USAGE = YES_ERROR;
				CLANG_WARN_DOCUMENTATION_COMMENTS = YES;
				CLANG_WARN_EMPTY_BODY = YES;
				CLANG_WARN_ENUM_CONVERSION = YES;
				CLANG_WARN_INFINITE_RECURSION = YES;
				CLANG_WARN_INT_CONVERSION = YES;
				CLANG_WARN_NON_LITERAL_NULL_CONVERSION = YES;
				CLANG_WARN_OBJC_IMPLICIT_RETAIN_SELF = YES;
				CLANG_WARN_OBJC_LITERAL_CONVERSION = YES;
				CLANG_WARN_OBJC_ROOT_CLASS = YES_ERROR;
				CLANG_WARN_QUOTED_INCLUDE_IN_FRAMEWORK_HEADER = YES;
				CLANG_WARN_RANGE_LOOP_ANALYSIS = YES;
				CLANG_WARN_STRICT_PROTOTYPES = YES;
				CLANG_WARN_SUSPICIOUS_MOVE = YES;
				CLANG_WARN_UNGUARDED_AVAILABILITY = YES_AGGRESSIVE;
				CLANG_WARN_UNREACHABLE_CODE = YES;
				CLANG_WARN__DUPLICATE_METHOD_MATCH = YES;
				COPY_PHASE_STRIP = NO;
				DEBUG_INFORMATION_FORMAT = "dwarf-with-dsym";
				ENABLE_NS_ASSERTIONS = NO;
				ENABLE_STRICT_OBJC_MSGSEND = YES;
				ENABLE_USER_SCRIPT_SANDBOXING = YES;
				GCC_C_LANGUAGE_STANDARD = gnu17;
				GCC_NO_COMMON_BLOCKS = YES;
				GCC_WARN_64_TO_32_BIT_CONVERSION = YES;
				GCC_WARN_ABOUT_RETURN_TYPE = YES_ERROR;
				GCC_WARN_UNDECLARED_SELECTOR = YES;
				GCC_WARN_UNINITIALIZED_AUTOS = YES_AGGRESSIVE;
				GCC_WARN_UNUSED_FUNCTION = YES;
				GCC_WARN_UNUSED_VARIABLE = YES;
				IPHONEOS_DEPLOYMENT_TARGET = 17.2;
				LOCALIZATION_PREFERS_STRING_CATALOGS = YES;
				MTL_ENABLE_DEBUG_INFO = NO;
				MTL_FAST_MATH = YES;
				SDKROOT = iphoneos;
				SWIFT_COMPILATION_MODE = wholemodule;
				VALIDATE_PRODUCT = YES;
			};
			name = Release;
		};
		AC96641C2B4C715D00162585 /* Debug */ = {
			isa = XCBuildConfiguration;
			buildSettings = {
				ASSETCATALOG_COMPILER_APPICON_NAME = AppIcon;
				ASSETCATALOG_COMPILER_GLOBAL_ACCENT_COLOR_NAME = AccentColor;
				CODE_SIGN_STYLE = Automatic;
				CURRENT_PROJECT_VERSION = 1;
				DEVELOPMENT_TEAM = 7A9RB7PS5X;
				GENERATE_INFOPLIST_FILE = YES;
				INFOPLIST_FILE = HiChat/Info.plist;
				INFOPLIST_KEY_UIApplicationSupportsIndirectInputEvents = YES;
				INFOPLIST_KEY_UILaunchStoryboardName = LaunchScreen;
				INFOPLIST_KEY_UIMainStoryboardFile = "";
				INFOPLIST_KEY_UISupportedInterfaceOrientations_iPad = "UIInterfaceOrientationPortrait UIInterfaceOrientationPortraitUpsideDown UIInterfaceOrientationLandscapeLeft UIInterfaceOrientationLandscapeRight";
				INFOPLIST_KEY_UISupportedInterfaceOrientations_iPhone = "UIInterfaceOrientationPortrait UIInterfaceOrientationLandscapeLeft UIInterfaceOrientationLandscapeRight";
				LD_RUNPATH_SEARCH_PATHS = (
					"$(inherited)",
					"@executable_path/Frameworks",
				);
				MARKETING_VERSION = 1.0;
				PRODUCT_BUNDLE_IDENTIFIER = artem.tkachev.HiChat;
				PRODUCT_NAME = "$(TARGET_NAME)";
				SWIFT_EMIT_LOC_STRINGS = YES;
				SWIFT_VERSION = 5.0;
				TARGETED_DEVICE_FAMILY = "1,2";
			};
			name = Debug;
		};
		AC96641D2B4C715D00162585 /* Release */ = {
			isa = XCBuildConfiguration;
			buildSettings = {
				ASSETCATALOG_COMPILER_APPICON_NAME = AppIcon;
				ASSETCATALOG_COMPILER_GLOBAL_ACCENT_COLOR_NAME = AccentColor;
				CODE_SIGN_STYLE = Automatic;
				CURRENT_PROJECT_VERSION = 1;
				DEVELOPMENT_TEAM = 7A9RB7PS5X;
				GENERATE_INFOPLIST_FILE = YES;
				INFOPLIST_FILE = HiChat/Info.plist;
				INFOPLIST_KEY_UIApplicationSupportsIndirectInputEvents = YES;
				INFOPLIST_KEY_UILaunchStoryboardName = LaunchScreen;
				INFOPLIST_KEY_UIMainStoryboardFile = "";
				INFOPLIST_KEY_UISupportedInterfaceOrientations_iPad = "UIInterfaceOrientationPortrait UIInterfaceOrientationPortraitUpsideDown UIInterfaceOrientationLandscapeLeft UIInterfaceOrientationLandscapeRight";
				INFOPLIST_KEY_UISupportedInterfaceOrientations_iPhone = "UIInterfaceOrientationPortrait UIInterfaceOrientationLandscapeLeft UIInterfaceOrientationLandscapeRight";
				LD_RUNPATH_SEARCH_PATHS = (
					"$(inherited)",
					"@executable_path/Frameworks",
				);
				MARKETING_VERSION = 1.0;
				PRODUCT_BUNDLE_IDENTIFIER = artem.tkachev.HiChat;
				PRODUCT_NAME = "$(TARGET_NAME)";
				SWIFT_EMIT_LOC_STRINGS = YES;
				SWIFT_VERSION = 5.0;
				TARGETED_DEVICE_FAMILY = "1,2";
			};
			name = Release;
		};
/* End XCBuildConfiguration section */

/* Begin XCConfigurationList section */
		AC9664022B4C715B00162585 /* Build configuration list for PBXProject "HiChat" */ = {
			isa = XCConfigurationList;
			buildConfigurations = (
				AC9664192B4C715D00162585 /* Debug */,
				AC96641A2B4C715D00162585 /* Release */,
			);
			defaultConfigurationIsVisible = 0;
			defaultConfigurationName = Release;
		};
		AC96641B2B4C715D00162585 /* Build configuration list for PBXNativeTarget "HiChat" */ = {
			isa = XCConfigurationList;
			buildConfigurations = (
				AC96641C2B4C715D00162585 /* Debug */,
				AC96641D2B4C715D00162585 /* Release */,
			);
			defaultConfigurationIsVisible = 0;
			defaultConfigurationName = Release;
		};
/* End XCConfigurationList section */
	};
	rootObject = AC9663FF2B4C715B00162585 /* Project object */;
}
